
Microsoft Visual Studio Solution File, Format Version 12.00
# Visual Studio Version 17
VisualStudioVersion = 17.10.35013.160
MinimumVisualStudioVersion = 10.0.40219.1
Project("{FAE04EC0-301F-11D3-BF4B-00C04F79EFBC}") = "SustainableDevelopmentGoals.UI", "SustainableDevelopmentGoals.UI\SustainableDevelopmentGoals.UI\SustainableDevelopmentGoals.UI.csproj", "{86BEEE11-131F-4D41-907F-DE27FDD61005}"
EndProject
Project("{FAE04EC0-301F-11D3-BF4B-00C04F79EFBC}") = "SustainableDevelopmentGoals.UI.Client", "SustainableDevelopmentGoals.UI\SustainableDevelopmentGoals.UI.Client\SustainableDevelopmentGoals.UI.Client.csproj", "{70E921EE-A400-4E0D-A64A-020D1F5CF037}"
EndProject
Global
	GlobalSection(SolutionConfigurationPlatforms) = preSolution
		Debug|Any CPU = Debug|Any CPU
		Release|Any CPU = Release|Any CPU
	EndGlobalSection
	GlobalSection(ProjectConfigurationPlatforms) = postSolution
		{86BEEE11-131F-4D41-907F-DE27FDD61005}.Debug|Any CPU.ActiveCfg = Debug|Any CPU
		{86BEEE11-131F-4D41-907F-DE27FDD61005}.Debug|Any CPU.Build.0 = Debug|Any CPU
		{86BEEE11-131F-4D41-907F-DE27FDD61005}.Release|Any CPU.ActiveCfg = Release|Any CPU
		{86BEEE11-131F-4D41-907F-DE27FDD61005}.Release|Any CPU.Build.0 = Release|Any CPU
		{70E921EE-A400-4E0D-A64A-020D1F5CF037}.Debug|Any CPU.ActiveCfg = Debug|Any CPU
		{70E921EE-A400-4E0D-A64A-020D1F5CF037}.Debug|Any CPU.Build.0 = Debug|Any CPU
		{70E921EE-A400-4E0D-A64A-020D1F5CF037}.Release|Any CPU.ActiveCfg = Release|Any CPU
		{70E921EE-A400-4E0D-A64A-020D1F5CF037}.Release|Any CPU.Build.0 = Release|Any CPU
	EndGlobalSection
	GlobalSection(SolutionProperties) = preSolution
		HideSolutionNode = FALSE
	EndGlobalSection
	GlobalSection(ExtensibilityGlobals) = postSolution
		SolutionGuid = {C66F7FB9-5192-493E-8B63-0525C2466C61}
	EndGlobalSection
EndGlobal
